
Microsoft Visual Studio Solution File, Format Version 12.00
# Visual Studio 2013
VisualStudioVersion = 12.0.21005.1
MinimumVisualStudioVersion = 10.0.40219.1
Project("{FAE04EC0-301F-11D3-BF4B-00C04F79EFBC}") = "MvcFramework.Web", "MvcFramework.Web\MvcFramework.Web.csproj", "{EAB5AB1C-055E-41F1-AEC3-6FB3338372B5}"
EndProject
Project("{FAE04EC0-301F-11D3-BF4B-00C04F79EFBC}") = "MvcFramework.Dac", "MvcFramework.Dac\MvcFramework.Dac.csproj", "{14832466-3853-4726-A09D-E13F0A2850FA}"
EndProject
Project("{FAE04EC0-301F-11D3-BF4B-00C04F79EFBC}") = "MvcFramework.Logic", "MvcFramework.Logic\MvcFramework.Logic.csproj", "{BB0A03B2-A50E-4BC3-94B4-85F9CB013042}"
EndProject
Project("{FAE04EC0-301F-11D3-BF4B-00C04F79EFBC}") = "MvcFramework.Model", "MvcFramework.Model\MvcFramework.Model.csproj", "{CDF2B924-0DD8-45D7-BA15-D1FA543D5564}"
EndProject
Global
	GlobalSection(SolutionConfigurationPlatforms) = preSolution
		Debug|Any CPU = Debug|Any CPU
		Release|Any CPU = Release|Any CPU
	EndGlobalSection
	GlobalSection(ProjectConfigurationPlatforms) = postSolution
		{EAB5AB1C-055E-41F1-AEC3-6FB3338372B5}.Debug|Any CPU.ActiveCfg = Debug|Any CPU
		{EAB5AB1C-055E-41F1-AEC3-6FB3338372B5}.Debug|Any CPU.Build.0 = Debug|Any CPU
		{EAB5AB1C-055E-41F1-AEC3-6FB3338372B5}.Release|Any CPU.ActiveCfg = Release|Any CPU
		{EAB5AB1C-055E-41F1-AEC3-6FB3338372B5}.Release|Any CPU.Build.0 = Release|Any CPU
		{14832466-3853-4726-A09D-E13F0A2850FA}.Debug|Any CPU.ActiveCfg = Debug|Any CPU
		{14832466-3853-4726-A09D-E13F0A2850FA}.Debug|Any CPU.Build.0 = Debug|Any CPU
		{14832466-3853-4726-A09D-E13F0A2850FA}.Release|Any CPU.ActiveCfg = Release|Any CPU
		{14832466-3853-4726-A09D-E13F0A2850FA}.Release|Any CPU.Build.0 = Release|Any CPU
		{BB0A03B2-A50E-4BC3-94B4-85F9CB013042}.Debug|Any CPU.ActiveCfg = Debug|Any CPU
		{BB0A03B2-A50E-4BC3-94B4-85F9CB013042}.Debug|Any CPU.Build.0 = Debug|Any CPU
		{BB0A03B2-A50E-4BC3-94B4-85F9CB013042}.Release|Any CPU.ActiveCfg = Release|Any CPU
		{BB0A03B2-A50E-4BC3-94B4-85F9CB013042}.Release|Any CPU.Build.0 = Release|Any CPU
		{CDF2B924-0DD8-45D7-BA15-D1FA543D5564}.Debug|Any CPU.ActiveCfg = Debug|Any CPU
		{CDF2B924-0DD8-45D7-BA15-D1FA543D5564}.Debug|Any CPU.Build.0 = Debug|Any CPU
		{CDF2B924-0DD8-45D7-BA15-D1FA543D5564}.Release|Any CPU.ActiveCfg = Release|Any CPU
		{CDF2B924-0DD8-45D7-BA15-D1FA543D5564}.Release|Any CPU.Build.0 = Release|Any CPU
	EndGlobalSection
	GlobalSection(SolutionProperties) = preSolution
		HideSolutionNode = FALSE
	EndGlobalSection
EndGlobal
